
Microsoft Visual Studio Solution File, Format Version 12.00
# Visual Studio Version 16
VisualStudioVersion = 16.0.29709.97
MinimumVisualStudioVersion = 10.0.40219.1
Project("{FAE04EC0-301F-11D3-BF4B-00C04F79EFBC}") = "ListaDobleProyecto", "ListaDobleProyecto\ListaDobleProyecto.csproj", "{357BF126-5D6D-4203-9908-E8C43032F8FB}"
EndProject
Global
	GlobalSection(SolutionConfigurationPlatforms) = preSolution
		Debug|Any CPU = Debug|Any CPU
		Release|Any CPU = Release|Any CPU
	EndGlobalSection
	GlobalSection(ProjectConfigurationPlatforms) = postSolution
		{357BF126-5D6D-4203-9908-E8C43032F8FB}.Debug|Any CPU.ActiveCfg = Debug|Any CPU
		{357BF126-5D6D-4203-9908-E8C43032F8FB}.Debug|Any CPU.Build.0 = Debug|Any CPU
		{357BF126-5D6D-4203-9908-E8C43032F8FB}.Release|Any CPU.ActiveCfg = Release|Any CPU
		{357BF126-5D6D-4203-9908-E8C43032F8FB}.Release|Any CPU.Build.0 = Release|Any CPU
	EndGlobalSection
	GlobalSection(SolutionProperties) = preSolution
		HideSolutionNode = FALSE
	EndGlobalSection
	GlobalSection(ExtensibilityGlobals) = postSolution
		SolutionGuid = {4409D35D-D62E-4AC2-A8FC-909C8590DE21}
	EndGlobalSection
EndGlobal
